<?xml version="1.0" encoding="utf-8"?>
<Project ToolsVersion="4.0" xmlns="http://schemas.microsoft.com/developer/msbuild/2003">
  <ItemGroup>
    <ClCompile Include="Panel\TadminSetupPanel.cpp">
      <Filter>Panel</Filter>
    </ClCompile>
    <ClCompile Include="Panel\TassetSetupPanel.cpp">
      <Filter>Panel</Filter>
    </ClCompile>
    <ClCompile Include="Main\TentertainmentManagement.cpp">
      <Filter>Main</Filter>
    </ClCompile>
    <ClCompile Include="Panel\TinventoryReportPanel.cpp">
      <Filter>Panel</Filter>
    </ClCompile>
    <ClCompile Include="Panel\TmachineFuncSetupPanel.cpp">
      <Filter>Panel</Filter>
    </ClCompile>
    <ClCompile Include="Panel\TmachineGroupDifferenceReportPanel.cpp">
      <Filter>Panel</Filter>
    </ClCompile>
    <ClCompile Include="Outliner\ToutlinerTreeView.cpp">
      <Filter>Outliner</Filter>
    </ClCompile>
    <ClCompile Include="Panel\TwarningSystemPanel.cpp">
      <Filter>Panel</Filter>
    </ClCompile>
    <ClCompile Include="Panel\TwelcomePanel.cpp">
      <Filter>Panel</Filter>
    </ClCompile>
    <ClCompile Include="GeneratedFiles\Release\moc_TentertainmentManagement.cpp">
      <Filter>GeneratedFiles</Filter>
    </ClCompile>
    <ClCompile Include="GeneratedFiles\qrc_TentertainmentManagement.cpp">
      <Filter>GeneratedFiles</Filter>
    </ClCompile>
    <ClCompile Include="GeneratedFiles\Debug\moc_TentertainmentManagement.cpp">
      <Filter>GeneratedFiles</Filter>
    </ClCompile>
    <ClCompile Include="Main\main.cpp">
      <Filter>Main</Filter>
    </ClCompile>
    <ClCompile Include="Panel\TmachineGroupDetailSetupPanel.cpp">
      <Filter>Panel</Filter>
    </ClCompile>
    <ClCompile Include="Panel\TmachineGroupReportEntertainmentPanel.cpp">
      <Filter>Panel</Filter>
    </ClCompile>
    <ClCompile Include="Panel\TmachineGroupReportGiftPanel.cpp">
      <Filter>Panel</Filter>
    </ClCompile>
    <ClCompile Include="Panel\TmachineGroupReportLotteryPanel.cpp">
      <Filter>Panel</Filter>
    </ClCompile>
    <ClCompile Include="Panel\TmachineGroupReportSummaryPanel.cpp">
      <Filter>Panel</Filter>
    </ClCompile>
    <ClCompile Include="Model\TDatabaseManager.cpp">
      <Filter>Model</Filter>
    </ClCompile>
    <ClCompile Include="Panel\TpanelBase.cpp">
      <Filter>Panel</Filter>
    </ClCompile>
    <ClCompile Include="Panel\TpanelCreator.cpp">
      <Filter>Panel</Filter>
    </ClCompile>
    <ClCompile Include="GeneratedFiles\Debug\moc_ToutlinerTreeView.cpp">
      <Filter>Generated Files\Debug</Filter>
    </ClCompile>
    <ClCompile Include="GeneratedFiles\Release\moc_ToutlinerTreeView.cpp">
      <Filter>Generated Files\Release</Filter>
    </ClCompile>
    <ClCompile Include="GeneratedFiles\Debug\moc_TentertainmentManagement.cpp">
      <Filter>Generated Files\Debug</Filter>
    </ClCompile>
    <ClCompile Include="GeneratedFiles\Release\moc_TentertainmentManagement.cpp">
      <Filter>Generated Files\Release</Filter>
    </ClCompile>
    <ClCompile Include="GeneratedFiles\qrc_TentertainmentManagement.cpp">
      <Filter>Generated Files</Filter>
    </ClCompile>
  </ItemGroup>
  <ItemGroup>
    <ClInclude Include="Panel\TassetSetupPanel.h">
      <Filter>Panel</Filter>
    </ClInclude>
    <ClInclude Include="Panel\TadminSetupPanel.h">
      <Filter>Panel</Filter>
    </ClInclude>
    <ClInclude Include="Panel\TinventoryReportPanel.h">
      <Filter>Panel</Filter>
    </ClInclude>
    <ClInclude Include="Panel\TmachineFuncSetupPanel.h">
      <Filter>Panel</Filter>
    </ClInclude>
    <ClInclude Include="Panel\TmachineGroupDifferenceReportPanel.h">
      <Filter>Panel</Filter>
    </ClInclude>
    <ClInclude Include="Panel\TwelcomePanel.h">
      <Filter>Panel</Filter>
    </ClInclude>
    <ClInclude Include="Panel\TwarningSystemPanel.h">
      <Filter>Panel</Filter>
    </ClInclude>
    <ClInclude Include="GeneratedFiles\ui_TentertainmentManagement.h">
      <Filter>Main</Filter>
    </ClInclude>
    <ClInclude Include="GeneratedFiles\ui_TassetSetupViewItemAddWidget.h">
      <Filter>Generated Files</Filter>
    </ClInclude>
    <ClInclude Include="GeneratedFiles\ui_TassetSetupViewItemTable.h">
      <Filter>Generated Files</Filter>
    </ClInclude>
    <ClInclude Include="GeneratedFiles\ui_TcalendarWidget.h">
      <Filter>Generated Files</Filter>
    </ClInclude>
    <ClInclude Include="GeneratedFiles\ui_TinventoryReportViewItemAddCoinDetailTree.h">
      <Filter>Generated Files</Filter>
    </ClInclude>
    <ClInclude Include="GeneratedFiles\ui_TinventoryReportViewItemAddCoinWidget.h">
      <Filter>Generated Files</Filter>
    </ClInclude>
    <ClInclude Include="GeneratedFiles\ui_TinventoryReportViewItemClearCoinDetailTree.h">
      <Filter>Generated Files</Filter>
    </ClInclude>
    <ClInclude Include="GeneratedFiles\ui_TinventoryReportViewItemClearCoinWidget.h">
      <Filter>Generated Files</Filter>
    </ClInclude>
    <ClInclude Include="GeneratedFiles\ui_TinventoryReportViewItemTable.h">
      <Filter>Generated Files</Filter>
    </ClInclude>
    <ClInclude Include="GeneratedFiles\ui_TmachineDetailSetupViewItemAddWidget.h">
      <Filter>Generated Files</Filter>
    </ClInclude>
    <ClInclude Include="GeneratedFiles\ui_TmachineDetailSetupViewItemTable.h">
      <Filter>Generated Files</Filter>
    </ClInclude>
    <ClInclude Include="GeneratedFiles\ui_TmachineFuncSetupViewItemAdd.h">
      <Filter>Generated Files</Filter>
    </ClInclude>
    <ClInclude Include="GeneratedFiles\ui_TmachineFuncSetupViewItemTable.h">
      <Filter>Generated Files</Filter>
    </ClInclude>
    <ClInclude Include="GeneratedFiles\ui_TmachineGroupDifferenceReportViewItemTable.h">
      <Filter>Generated Files</Filter>
    </ClInclude>
    <ClInclude Include="GeneratedFiles\ui_TmachineGroupReportEntertainmentViewItemTable.h">
      <Filter>Generated Files</Filter>
    </ClInclude>
    <ClInclude Include="GeneratedFiles\ui_TmachineGroupReportGiftViewItemTable.h">
      <Filter>Generated Files</Filter>
    </ClInclude>
    <ClInclude Include="GeneratedFiles\ui_TmachineGroupReportLotteryViewItemTable.h">
      <Filter>Generated Files</Filter>
    </ClInclude>
    <ClInclude Include="GeneratedFiles\ui_TmachineGroupReportViewItemSummaryTable.h">
      <Filter>Generated Files</Filter>
    </ClInclude>
    <ClInclude Include="GeneratedFiles\ui_TmachineGroupReportViewItemSummaryWidget.h">
      <Filter>Generated Files</Filter>
    </ClInclude>
    <ClInclude Include="GeneratedFiles\ui_TsearchWidget.h">
      <Filter>Generated Files</Filter>
    </ClInclude>
    <ClInclude Include="GeneratedFiles\ui_TwarningSystemViewItemContinuousLoseDetailTree.h">
      <Filter>Generated Files</Filter>
    </ClInclude>
    <ClInclude Include="GeneratedFiles\ui_TwarningSystemViewItemTable.h">
      <Filter>Generated Files</Filter>
    </ClInclude>
    <ClInclude Include="Panel\TmachineGroupDetailSetupPanel.h">
      <Filter>Panel</Filter>
    </ClInclude>
    <ClInclude Include="Panel\TmachineGroupReportEntertainmentPanel.h">
      <Filter>Panel</Filter>
    </ClInclude>
    <ClInclude Include="Panel\TmachineGroupReportGiftPanel.h">
      <Filter>Panel</Filter>
    </ClInclude>
    <ClInclude Include="Panel\TmachineGroupReportLotteryPanel.h">
      <Filter>Panel</Filter>
    </ClInclude>
    <ClInclude Include="Common\TcommonTypes.h">
      <Filter>Common</Filter>
    </ClInclude>
    <ClInclude Include="Panel\TmachineGroupReportSummaryPanel.h">
      <Filter>Panel</Filter>
    </ClInclude>
    <ClInclude Include="Common\NoCopy.h">
      <Filter>Common</Filter>
    </ClInclude>
    <ClInclude Include="Common\Singleton.h">
      <Filter>Common</Filter>
    </ClInclude>
    <ClInclude Include="Model\DatabaseResultModel.h">
      <Filter>Model</Filter>
    </ClInclude>
    <ClInclude Include="Model\TDatabaseManager.h">
      <Filter>Model</Filter>
    </ClInclude>
    <ClInclude Include="Panel\TpanelBase.h">
      <Filter>Panel</Filter>
    </ClInclude>
    <ClInclude Include="Panel\TpanelCreator.h">
      <Filter>Panel</Filter>
    </ClInclude>
    <ClInclude Include="Panel\TpanelHeaders.h">
      <Filter>Panel</Filter>
    </ClInclude>
  </ItemGroup>
  <ItemGroup>
    <CustomBuild Include="Main\TentertainmentManagement.h">
      <Filter>Main</Filter>
    </CustomBuild>
    <CustomBuild Include="TentertainmentManagement.ui">
      <Filter>GeneratedFiles</Filter>
    </CustomBuild>
    <CustomBuild Include="UiFiles\TassetSetupViewItemAddWidget.ui">
      <Filter>UiFiles</Filter>
    </CustomBuild>
    <CustomBuild Include="UiFiles\TassetSetupViewItemTable.ui">
      <Filter>UiFiles</Filter>
    </CustomBuild>
    <CustomBuild Include="UiFiles\TcalendarWidget.ui">
      <Filter>UiFiles</Filter>
    </CustomBuild>
    <CustomBuild Include="UiFiles\TinventoryReportViewItemAddCoinDetailTree.ui">
      <Filter>UiFiles</Filter>
    </CustomBuild>
    <CustomBuild Include="UiFiles\TinventoryReportViewItemAddCoinWidget.ui">
      <Filter>UiFiles</Filter>
    </CustomBuild>
    <CustomBuild Include="UiFiles\TinventoryReportViewItemClearCoinDetailTree.ui">
      <Filter>UiFiles</Filter>
    </CustomBuild>
    <CustomBuild Include="UiFiles\TinventoryReportViewItemClearCoinWidget.ui">
      <Filter>UiFiles</Filter>
    </CustomBuild>
    <CustomBuild Include="UiFiles\TinventoryReportViewItemTable.ui">
      <Filter>UiFiles</Filter>
    </CustomBuild>
    <CustomBuild Include="UiFiles\TmachineDetailSetupViewItemAddWidget.ui">
      <Filter>UiFiles</Filter>
    </CustomBuild>
    <CustomBuild Include="UiFiles\TmachineDetailSetupViewItemTable.ui">
      <Filter>UiFiles</Filter>
    </CustomBuild>
    <CustomBuild Include="UiFiles\TmachineFuncSetupViewItemAdd.ui">
      <Filter>UiFiles</Filter>
    </CustomBuild>
    <CustomBuild Include="UiFiles\TmachineFuncSetupViewItemTable.ui">
      <Filter>UiFiles</Filter>
    </CustomBuild>
    <CustomBuild Include="UiFiles\TmachineGroupDifferenceReportViewItemTable.ui">
      <Filter>UiFiles</Filter>
    </CustomBuild>
    <CustomBuild Include="UiFiles\TmachineGroupReportEntertainmentViewItemTable.ui">
      <Filter>UiFiles</Filter>
    </CustomBuild>
    <CustomBuild Include="UiFiles\TmachineGroupReportGiftViewItemTable.ui">
      <Filter>UiFiles</Filter>
    </CustomBuild>
    <CustomBuild Include="UiFiles\TmachineGroupReportLotteryViewItemTable.ui">
      <Filter>UiFiles</Filter>
    </CustomBuild>
    <CustomBuild Include="UiFiles\TmachineGroupReportViewItemSummaryTable.ui">
      <Filter>UiFiles</Filter>
    </CustomBuild>
    <CustomBuild Include="UiFiles\TmachineGroupReportViewItemSummaryWidget.ui">
      <Filter>UiFiles</Filter>
    </CustomBuild>
    <CustomBuild Include="UiFiles\TsearchWidget.ui">
      <Filter>UiFiles</Filter>
    </CustomBuild>
    <CustomBuild Include="UiFiles\TwarningSystemViewItemContinuousLoseDetailTree.ui">
      <Filter>UiFiles</Filter>
    </CustomBuild>
    <CustomBuild Include="UiFiles\TwarningSystemViewItemTable.ui">
      <Filter>UiFiles</Filter>
    </CustomBuild>
    <CustomBuild Include="Outliner\ToutlinerTreeView.h">
      <Filter>Outliner</Filter>
    </CustomBuild>
    <CustomBuild Include="TentertainmentManagement.qrc">
      <Filter>GeneratedFiles</Filter>
    </CustomBuild>
  </ItemGroup>
  <ItemGroup>
    <Filter Include="Main">
      <UniqueIdentifier>{29972e8a-5f0a-44b7-8b25-cf87249ab35b}</UniqueIdentifier>
    </Filter>
    <Filter Include="Outliner">
      <UniqueIdentifier>{1b0b7116-e2b7-453c-83a7-6a4fe9200450}</UniqueIdentifier>
    </Filter>
    <Filter Include="Common">
      <UniqueIdentifier>{4defcbfd-f693-4e33-98a7-a3293ad8eef4}</UniqueIdentifier>
    </Filter>
    <Filter Include="GeneratedFiles">
      <UniqueIdentifier>{458158d5-5cdc-4226-bf5d-0cc743ae2ae8}</UniqueIdentifier>
    </Filter>
    <Filter Include="Panel">
      <UniqueIdentifier>{b762cfa9-8293-4791-9c3e-1bb2085f0685}</UniqueIdentifier>
    </Filter>
    <Filter Include="UiFiles">
      <UniqueIdentifier>{90ec7b49-dc36-43f2-97d0-ba10ab3a125f}</UniqueIdentifier>
    </Filter>
    <Filter Include="Generated Files">
      <UniqueIdentifier>{71ED8ED8-ACB9-4CE9-BBE1-E00B30144E11}</UniqueIdentifier>
      <Extensions>moc;h;cpp</Extensions>
      <ParseFiles>true</ParseFiles>
    </Filter>
    <Filter Include="Model">
      <UniqueIdentifier>{9a40192c-f2a6-4c77-9bd0-aa2a2fe9e5b6}</UniqueIdentifier>
    </Filter>
    <Filter Include="Generated Files\Debug">
      <UniqueIdentifier>{7edf6a3b-1795-4874-9d10-1b87e4b5c2e6}</UniqueIdentifier>
      <Extensions>cpp;moc</Extensions>
      <SourceControlFiles>False</SourceControlFiles>
    </Filter>
    <Filter Include="Generated Files\Release">
      <UniqueIdentifier>{a16a0ca2-3190-4e8a-83b2-e58482df42ca}</UniqueIdentifier>
      <Extensions>cpp;moc</Extensions>
      <SourceControlFiles>False</SourceControlFiles>
    </Filter>
  </ItemGroup>
</Project>